block.settings.cheesebuger_menu_block:
  type: block_settings
  label: 'Cheeseburger Menu'
  mapping:
    block_machine_name:
      type: string
      label: 'ID of block entity'
    css_default:
      type: boolean
      label: 'Default CSS'
    show_navigation:
      type: boolean
      label: 'Show navigation'
    active_state_enable:
      type: boolean
      label: 'Activate menu items'
    header_height:
      type: integer
      label: 'Header height'
    phone:
      type: mapping
      label: 'Phone info'
      mapping:
        show:
          type: boolean
          label: 'Show phone menu item'
        menu_weight:
          type: integer
          label: 'Phone menu weight'
        store:
          type: integer
          label: 'Use phone from store'
        manual_title:
          type: string
          label: 'Manual phone number'
    lang_switcher:
      type: mapping
      label: 'Lang switcher info'
      mapping:
        show:
          type: boolean
          label: 'Show language switcher'
        menu_weight:
          type: integer
          label: 'Lang switcher menu weight'
    cart:
      type: mapping
      label: 'Cart info'
      mapping:
        show:
          type: boolean
          label: 'Show Cart'
        menu_weight:
          type: integer
          label: 'Cart menu weight'
    breakpoints:
      type: ignore
      label: 'Defined breakpoints'
    menu:
      type: sequence
      sequence:
        type: mapping
        mapping:
          title:
            type: string
            label: 'Show menu title'
          manual_title:
            type: label
            label: 'Menu item label'
          collapsible_title:
            type: boolean
            label: 'Is menu item title collapsible'
          menu_weight:
            type: integer
            label: 'Menu item weight'
    taxonomy_vocabulary:
      type: sequence
      sequence:
        type: mapping
        mapping:
          title:
            type: string
            label: 'Show menu title'
          manual_title:
            type: label
            label: 'Menu item label'
          collapsible_title:
            type: boolean
            label: 'Is menu item title collapsible'
          menu_weight:
            type: integer
            label: 'Menu item weight'
