description: 'Set site authentication using Locker module.'
options: {}
arguments: {}
messages:
    success: 'Site successfully locked.'
    enter_username: 'Enter username'
    enter_password: 'Enter password'
    choose_options: 'Lock site using username/password (yes/no)?'
    your_password: 'Your password is: '
    your_username: 'Your username is: '