langcode: en
status: true
dependencies:
  config:
    - field.storage.paragraph.field_paragraphs_base_block
    - paragraphs.paragraphs_type.paragraphs_base_system_block
  module:
    - block_field
id: paragraph.paragraphs_base_system_block.field_paragraphs_base_block
field_name: field_paragraphs_base_block
entity_type: paragraph
bundle: paragraphs_base_system_block
label: Block
description: ''
required: true
translatable: false
default_value: {  }
default_value_callback: ''
settings:
  plugin_ids: {  }
field_type: block_field
