{
    "_readme": [
        "This file locks the dependencies of your project to a known state",
        "Read more about it at https://getcomposer.org/doc/01-basic-usage.md#composer-lock-the-lock-file",
        "This file is @generated automatically"
    ],
    "hash": "8d4eefeb9eb6ae6f895847a7d548d693",
    "content-hash": "7906656245d32224a7006bda49eefcad",
    "packages": [
        {
            "name": "pagseguro/pagseguro-php-sdk",
            "version": "3.4.1",
            "source": {
                "type": "git",
                "url": "https://github.com/pagseguro/pagseguro-php-sdk.git",
                "reference": "d122eac2c9fe094c688e1e7cf75d307420559cda"
            },
            "dist": {
                "type": "zip",
                "url": "https://api.github.com/repos/pagseguro/pagseguro-php-sdk/zipball/d122eac2c9fe094c688e1e7cf75d307420559cda",
                "reference": "d122eac2c9fe094c688e1e7cf75d307420559cda",
                "shasum": ""
            },
            "require": {
                "ext-curl": "*",
                "lib-curl": "*",
                "lib-openssl": "*",
                "php": ">=5.4.27"
            },
            "require-dev": {
                "phpunit/phpunit": "^5.7"
            },
            "type": "library",
            "autoload": {
                "psr-4": {
                    "PagSeguro\\": "source/"
                }
            },
            "notification-url": "https://packagist.org/downloads/",
            "license": [
                "Apache License 2.0"
            ],
            "authors": [
                {
                    "name": "PagSeguro"
                }
            ],
            "description": "Biblioteca de integração com o PagSeguro",
            "time": "2018-01-09 18:53:25"
        }
    ],
    "packages-dev": [],
    "aliases": [],
    "minimum-stability": "stable",
    "stability-flags": [],
    "prefer-stable": false,
    "prefer-lowest": false,
    "platform": [],
    "platform-dev": []
}
