{
    "_readme": [
        "This file locks the dependencies of your project to a known state",
        "Read more about it at https://getcomposer.org/doc/01-basic-usage.md#composer-lock-the-lock-file",
        "This file is @generated automatically"
    ],
    "hash": "805139fefe2207d6cc368a6cbb8cbad2",
    "content-hash": "d4c06a8feddeb8295280e0d97982c435",
    "packages": [
        {
            "name": "wamania/php-stemmer",
            "version": "1.0",
            "source": {
                "type": "git",
                "url": "https://github.com/wamania/php-stemmer.git",
                "reference": "09bca473e8a88e4e40147b46d8ca95970eab7982"
            },
            "dist": {
                "type": "zip",
                "url": "https://api.github.com/repos/wamania/php-stemmer/zipball/09bca473e8a88e4e40147b46d8ca95970eab7982",
                "reference": "09bca473e8a88e4e40147b46d8ca95970eab7982",
                "shasum": ""
            },
            "require": {
                "php": ">=5.3.0"
            },
            "require-dev": {
                "phpunit/phpunit": "^4.8"
            },
            "type": "library",
            "autoload": {
                "psr-0": {
                    "Wamania": "src/"
                }
            },
            "notification-url": "https://packagist.org/downloads/",
            "license": [
                "MIT"
            ],
            "authors": [
                {
                    "name": "Wamania",
                    "homepage": "http://wamania.com"
                }
            ],
            "description": "Native PHP5 Stemmer",
            "keywords": [
                "php",
                "porter",
                "stemmer"
            ],
            "time": "2016-03-07 18:11:29"
        }
    ],
    "packages-dev": [],
    "aliases": [],
    "minimum-stability": "stable",
    "stability-flags": [],
    "prefer-stable": false,
    "prefer-lowest": false,
    "platform": [],
    "platform-dev": []
}
