{
    "_readme": [
        "This file locks the dependencies of your project to a known state",
        "Read more about it at https://getcomposer.org/doc/01-basic-usage.md#composer-lock-the-lock-file",
        "This file is @generated automatically"
    ],
    "hash": "5962bf2059c4a694a7fd79dd64799b72",
    "content-hash": "e0763d4656d918588daa2dbe9954ea51",
    "packages": [
        {
            "name": "hybridauth/hybridauth",
            "version": "v2.6.0",
            "source": {
                "type": "git",
                "url": "https://github.com/hybridauth/hybridauth.git",
                "reference": "45e52d12dccc00d4de25dc534961ab46204a15cf"
            },
            "dist": {
                "type": "zip",
                "url": "https://api.github.com/repos/hybridauth/hybridauth/zipball/45e52d12dccc00d4de25dc534961ab46204a15cf",
                "reference": "45e52d12dccc00d4de25dc534961ab46204a15cf",
                "shasum": ""
            },
            "require": {
                "ext-curl": "*",
                "php": ">=5.2.0"
            },
            "type": "library",
            "autoload": {
                "psr-0": {
                    "Hybrid": "hybridauth/"
                },
                "classmap": [
                    "hybridauth/Hybrid"
                ]
            },
            "notification-url": "https://packagist.org/downloads/",
            "license": [
                "(MIT or GPL-3.0+)"
            ],
            "authors": [
                {
                    "name": "Miled",
                    "email": "hybridauth@gmail.com"
                }
            ],
            "description": "Open source social sign on PHP library.",
            "homepage": "http://hybridauth.sourceforge.net",
            "keywords": [
                "OpenId",
                "facebook",
                "google",
                "hybridauth",
                "login",
                "oauth",
                "social",
                "twitter",
                "yahoo"
            ],
            "time": "2016-01-12 12:19:25"
        }
    ],
    "packages-dev": [],
    "aliases": [],
    "minimum-stability": "stable",
    "stability-flags": [],
    "prefer-stable": false,
    "prefer-lowest": false,
    "platform": [],
    "platform-dev": []
}
