{
    "_readme": [
        "This file locks the dependencies of your project to a known state",
        "Read more about it at https://getcomposer.org/doc/01-basic-usage.md#installing-dependencies",
        "This file is @generated automatically"
    ],
    "content-hash": "085d805f483c544ec9a04f1b2e8c86e1",
    "packages": [
        {
            "name": "aklump/data",
            "version": "0.0.28",
            "source": {
                "type": "git",
                "url": "https://github.com/aklump/data.git",
                "reference": "0c15963143161f595acdbc8078533992ced9cbc5"
            },
            "dist": {
                "type": "zip",
                "url": "https://api.github.com/repos/aklump/data/zipball/0c15963143161f595acdbc8078533992ced9cbc5",
                "reference": "0c15963143161f595acdbc8078533992ced9cbc5",
                "shasum": ""
            },
            "require": {
                "php": ">=5.3.0"
            },
            "type": "library",
            "autoload": {
                "psr-4": {
                    "AKlump\\Data\\": ""
                }
            },
            "notification-url": "https://packagist.org/downloads/",
            "license": [
                "BSD-3-Clause"
            ],
            "authors": [
                {
                    "name": "Aaron Klump",
                    "email": "sourcecode@intheloftstudios.com",
                    "homepage": "http://www.intheloftstudios.com",
                    "role": "developer"
                }
            ],
            "description": "Common interface for interacting with data in objects and arrays.",
            "homepage": "http://github.com/aklump/data",
            "keywords": [
                "array",
                "data",
                "getters",
                "objects",
                "php"
            ],
            "time": "2017-05-31T01:04:19+00:00"
        }
    ],
    "packages-dev": [],
    "aliases": [],
    "minimum-stability": "stable",
    "stability-flags": [],
    "prefer-stable": false,
    "prefer-lowest": false,
    "platform": [],
    "platform-dev": []
}
