{
    "_readme": [
        "This file locks the dependencies of your project to a known state",
        "Read more about it at https://getcomposer.org/doc/01-basic-usage.md#composer-lock-the-lock-file",
        "This file is @generated automatically"
    ],
    "content-hash": "84b35f6d3635baef3d7ec945dba95f57",
    "packages": [
        {
            "name": "usps/usps-php-api",
            "version": "dev-master",
            "source": {
                "type": "git",
                "url": "https://github.com/kfulton23/USPS-php-api.git",
                "reference": "b543eec561e19f92518c435416bddacca2729e94"
            },
            "dist": {
                "type": "zip",
                "url": "https://api.github.com/repos/kfulton23/USPS-php-api/zipball/b543eec561e19f92518c435416bddacca2729e94",
                "reference": "b543eec561e19f92518c435416bddacca2729e94",
                "shasum": ""
            },
            "require": {
                "php": ">=5.3.0"
            },
            "type": "library",
            "autoload": {
                "psr-4": {
                    "USPS\\": ""
                }
            },
            "notification-url": "https://packagist.org/downloads/",
            "authors": [
                {
                    "name": "Vincent Gabriel",
                    "homepage": "http://vadimg.com",
                    "role": "Developer"
                },
                {
                    "name": "Alexander Reiff",
                    "role": "Developer"
                }
            ],
            "description": "PHP wrapper for USPS Web Tools API",
            "keywords": [
                "api",
                "usps"
            ],
            "time": "2015-09-12 02:44:10"
        }
    ],
    "packages-dev": [],
    "aliases": [],
    "minimum-stability": "dev",
    "stability-flags": {
        "usps/usps-php-api": 20
    },
    "prefer-stable": false,
    "prefer-lowest": false,
    "platform": [],
    "platform-dev": []
}
