{
    "_readme": [
        "This file locks the dependencies of your project to a known state",
        "Read more about it at https://getcomposer.org/doc/01-basic-usage.md#composer-lock-the-lock-file",
        "This file is @generated automatically"
    ],
    "content-hash": "14161c3deff308ba2ad816e67863c073",
    "packages": [
        {
            "name": "marcvanduivenvoorde/bit-list",
            "version": "0.1.0",
            "source": {
                "type": "git",
                "url": "https://github.com/marcvanduivenvoorde/bit-list.git",
                "reference": "bc5e3d83ab15913dc39d2eb708b50934290a3e7e"
            },
            "dist": {
                "type": "zip",
                "url": "https://api.github.com/repos/marcvanduivenvoorde/bit-list/zipball/bc5e3d83ab15913dc39d2eb708b50934290a3e7e",
                "reference": "bc5e3d83ab15913dc39d2eb708b50934290a3e7e",
                "shasum": ""
            },
            "require": {
                "php": ">=7"
            },
            "require-dev": {
                "phpunit/phpunit": "^4"
            },
            "type": "library",
            "autoload": {
                "psr-4": {
                    "MarcVanDuivenvoorde\\BitList\\": "src/MarcVanDuivenvoorde/BitList/"
                }
            },
            "notification-url": "https://packagist.org/downloads/",
            "license": [
                "MIT"
            ],
            "authors": [
                {
                    "name": "Marc van Duivenvoorde",
                    "email": "marcvanduivenvoorde@gmail.com"
                }
            ],
            "time": "2018-03-09T10:56:29+00:00"
        }
    ],
    "packages-dev": [],
    "aliases": [],
    "minimum-stability": "stable",
    "stability-flags": [],
    "prefer-stable": false,
    "prefer-lowest": false,
    "platform": [],
    "platform-dev": []
}
