{
    "_readme": [
        "This file locks the dependencies of your project to a known state",
        "Read more about it at https://getcomposer.org/doc/01-basic-usage.md#composer-lock-the-lock-file",
        "This file is @generated automatically"
    ],
    "content-hash": "ccddc3bf1f9e48b50d529b545a3fa473",
    "packages": [
        {
            "name": "aklump/loft_data_grids",
            "version": "0.4.31",
            "source": {
                "type": "git",
                "url": "https://github.com/aklump/loft_data_grids.git",
                "reference": "52578d025514729f6c2d0d223ad6be88ce12abb3"
            },
            "dist": {
                "type": "zip",
                "url": "https://api.github.com/repos/aklump/loft_data_grids/zipball/52578d025514729f6c2d0d223ad6be88ce12abb3",
                "reference": "52578d025514729f6c2d0d223ad6be88ce12abb3",
                "shasum": ""
            },
            "require": {
                "php": ">=5.3.5",
                "phpoffice/phpexcel": "~1.8",
                "symfony/yaml": ">=2.0"
            },
            "type": "library",
            "autoload": {
                "psr-4": {
                    "AKlump\\LoftDataGrids\\": "src/AKlump/LoftDataGrids"
                }
            },
            "notification-url": "https://packagist.org/downloads/",
            "license": [
                "BSD-3-Clause"
            ],
            "authors": [
                {
                    "name": "Aaron Klump",
                    "email": "sourcecode@intheloftstudios.com",
                    "homepage": "http://www.intheloftstudios.com",
                    "role": "Developer"
                }
            ],
            "description": "PHP Classes to allow data placement in a grid structure and exporting in various data formats.",
            "homepage": "http://github.com/aklump/loft_data_grids",
            "keywords": [
                "csv",
                "excel",
                "export",
                "spreadsheet"
            ],
            "time": "2018-01-30T22:26:41+00:00"
        },
        {
            "name": "phpoffice/phpexcel",
            "version": "1.8.1",
            "source": {
                "type": "git",
                "url": "https://github.com/PHPOffice/PHPExcel.git",
                "reference": "372c7cbb695a6f6f1e62649381aeaa37e7e70b32"
            },
            "dist": {
                "type": "zip",
                "url": "https://api.github.com/repos/PHPOffice/PHPExcel/zipball/372c7cbb695a6f6f1e62649381aeaa37e7e70b32",
                "reference": "372c7cbb695a6f6f1e62649381aeaa37e7e70b32",
                "shasum": ""
            },
            "require": {
                "ext-xml": "*",
                "ext-xmlwriter": "*",
                "php": ">=5.2.0"
            },
            "type": "library",
            "autoload": {
                "psr-0": {
                    "PHPExcel": "Classes/"
                }
            },
            "notification-url": "https://packagist.org/downloads/",
            "license": [
                "LGPL"
            ],
            "authors": [
                {
                    "name": "Maarten Balliauw",
                    "homepage": "http://blog.maartenballiauw.be"
                },
                {
                    "name": "Mark Baker"
                },
                {
                    "name": "Franck Lefevre",
                    "homepage": "http://blog.rootslabs.net"
                },
                {
                    "name": "Erik Tilt"
                }
            ],
            "description": "PHPExcel - OpenXML - Read, Create and Write Spreadsheet documents in PHP - Spreadsheet engine",
            "homepage": "http://phpexcel.codeplex.com",
            "keywords": [
                "OpenXML",
                "excel",
                "php",
                "spreadsheet",
                "xls",
                "xlsx"
            ],
            "abandoned": "phpoffice/phpspreadsheet",
            "time": "2015-05-01T07:00:55+00:00"
        },
        {
            "name": "symfony/yaml",
            "version": "v4.0.4",
            "source": {
                "type": "git",
                "url": "https://github.com/symfony/yaml.git",
                "reference": "ffc60bda1d4a00ec0b32eeabf39dc017bf480028"
            },
            "dist": {
                "type": "zip",
                "url": "https://api.github.com/repos/symfony/yaml/zipball/ffc60bda1d4a00ec0b32eeabf39dc017bf480028",
                "reference": "ffc60bda1d4a00ec0b32eeabf39dc017bf480028",
                "shasum": ""
            },
            "require": {
                "php": "^7.1.3"
            },
            "conflict": {
                "symfony/console": "<3.4"
            },
            "require-dev": {
                "symfony/console": "~3.4|~4.0"
            },
            "suggest": {
                "symfony/console": "For validating YAML files using the lint command"
            },
            "type": "library",
            "extra": {
                "branch-alias": {
                    "dev-master": "4.0-dev"
                }
            },
            "autoload": {
                "psr-4": {
                    "Symfony\\Component\\Yaml\\": ""
                },
                "exclude-from-classmap": [
                    "/Tests/"
                ]
            },
            "notification-url": "https://packagist.org/downloads/",
            "license": [
                "MIT"
            ],
            "authors": [
                {
                    "name": "Fabien Potencier",
                    "email": "fabien@symfony.com"
                },
                {
                    "name": "Symfony Community",
                    "homepage": "https://symfony.com/contributors"
                }
            ],
            "description": "Symfony Yaml Component",
            "homepage": "https://symfony.com",
            "time": "2018-01-21T19:06:11+00:00"
        }
    ],
    "packages-dev": [],
    "aliases": [],
    "minimum-stability": "stable",
    "stability-flags": [],
    "prefer-stable": false,
    "prefer-lowest": false,
    "platform": [],
    "platform-dev": []
}
