langcode: en
status: true
dependencies:
  config:
    - field.storage.paragraph.iu_block
    - paragraphs.paragraphs_type.iu_block
id: paragraph.iu_block.iu_block
field_name: iu_block
entity_type: paragraph
bundle: iu_block
label: Block
description: ''
required: false
translatable: false
default_value: {  }
default_value_callback: ''
settings:
  handler: 'default:block'
  handler_settings:
    target_bundles: null
    auto_create: true
field_type: entity_reference
