langcode: en
status: false
dependencies:
  module:
    - browser_development
    - user
id: browserdevelopmentblock
weight: 0
provider: null
plugin: browser_development_block
settings:
  id: browser_development_block
  label: 'Browser development block'
  provider: browser_development
  label_display: '0'
  user_role:
    id: user_role
    roles:
      admin: admin
    negate: false
    context_mapping:
      user: '@user.current_user_context:current_user'
