{
    "_readme": [
        "This file locks the dependencies of your project to a known state",
        "Read more about it at http://getcomposer.org/doc/01-basic-usage.md#composer-lock-the-lock-file",
        "This file is @generated automatically"
    ],
    "hash": "8ea0e7d38c12e63c7786b9b32835cd2e",
    "packages": [
        {
            "name": "cfortune/php-bounce-handler",
            "version": "dev-master",
            "source": {
                "type": "git",
                "url": "https://github.com/Rambomst/PHP-Bounce-Handler.git",
                "reference": "4ea839ab1aa8533c4eb4f17998f62c43fb713163"
            },
            "dist": {
                "type": "zip",
                "url": "https://api.github.com/repos/Rambomst/PHP-Bounce-Handler/zipball/4ea839ab1aa8533c4eb4f17998f62c43fb713163",
                "reference": "4ea839ab1aa8533c4eb4f17998f62c43fb713163",
                "shasum": ""
            },
            "type": "library",
            "autoload": {
                "psr-4": {
                    "cfortune\\PHPBounceHandler\\": "src/"
                }
            },
            "license": [
                "BSD"
            ],
            "authors": [
                {
                    "name": "Chris Fortune",
                    "role": "Developer"
                }
            ],
            "description": "Chops up bounce notifications into associative arrays",
            "homepage": "https://github.com/cfortune/PHP-Bounce-Handler/",
            "keywords": [
                "bounce",
                "email",
                "mail",
                "php"
            ],
            "support": {
                "source": "https://github.com/Rambomst/PHP-Bounce-Handler/tree/master"
            },
            "time": "2014-08-25 00:22:50"
        }
    ],
    "packages-dev": [],
    "aliases": [],
    "minimum-stability": "stable",
    "stability-flags": {
        "cfortune/php-bounce-handler": 20
    },
    "prefer-stable": false,
    "platform": [],
    "platform-dev": []
}
