langcode: en
status: true
dependencies:
  module:
    - block
    - paragraphs
  enforced:
    module:
      - byu_slideshow
id: paragraph.field_byu_slideshow_block
field_name: field_byu_slideshow_block
entity_type: paragraph
type: entity_reference
settings:
  target_type: block
module: core
locked: false
cardinality: 1
translatable: true
indexes: {  }
persist_with_no_fields: false
custom_storage: false
