core: 7.x
api: 2
defaults:
  projects:
    subdir: contrib
projects:
  drupal:
    type: core
    download:
      type: git
      url: 'git://github.com/pressflow/7.git'
      tag: pressflow-7.67
      branch: master
      revision: bb272f568ddf6ea3d812d87bb51503f1a1310db7
    patch:
      1317338: 'https://www.drupal.org/files/issues/robots.txt.drupal-7.50.patch'
      2007316: 'https://www.drupal.org/files/issues/kplatforms-statistics_module_patch_fails-2601714-5.patch'
      777116: 'http://drupal.org/files/issues/777116-no-roles-error.patch'
      944582: 'http://drupal.org/files/d7-944582-59-do-not-test.patch'
      ais: 'http://cgit.drupalcode.org/ais/plain/ais.htaccess.patch?id=7.x-1.6'
      1366716: 'https://www.drupal.org/files/1366716_1.patch'
      2399539: 'https://www.drupal.org/files/issues/kplatforms-block_ahref_crawler-2399539-7.patch'
  adaptivetheme:
    type: theme
    version: '3.4'
  adminimal_theme:
    type: theme
    version: '1.25'
  zen:
    type: theme
    version: '5.6'
  fitvids:
    version: '1.17'
  adaptive_image:
    version: '1.4'
  responsive_menus:
    version: '1.7'
  modernizr:
    version: '3.11'
  retina_images:
    version: 1.0-beta5
  payment:
    version: '1.17'
  currency:
    version: '2.6'
  payment_webform:
    version: '1.5'
  webform_paypal:
    version: '1.3'
  backup_migrate:
    version: '2.8'
  jquery_update:
    version: 3.0-alpha5
  nice_menus:
    version: '2.5'
  picture:
    version: '1.5'
  print:
    version: '1.3'
  elfinder:
    version: '0.8'
  i18n:
    version: '1.26'
  recaptcha:
    version: '2.3'
  superfish:
    version: '1.9'
  lightbox2:
    version: 1.0-beta2
  geshifilter:
    patch:
      1948852: 'http://drupal.org/files/1948852_make_example_3.patch'
    version: '1.2'
  boxes:
    patch:
      2175471: 'https://www.drupal.org/files/issues/boxes_civicrm_wysiwyg_conflict-2175471-2.patch'
    version: '1.2'
  paypal_payment:
    patch:
      2870870: 'https://www.drupal.org/files/issues/install_file_issue.2870870.2.patch'
    version: '1.4'
  media_flickr:
    version: 2.0-alpha5
  adminrole:
    version: '1.1'
  admin_menu:
    version: 3.0-rc6
  admin_views:
    version: '1.6'
  advanced_help:
    version: '1.5'
  ais:
    version: '1.7'
  apps:
    version: '1.1'
  backup_migrate_files:
    version: 1.x-dev
  block_class:
    version: '2.4'
  breakpoints:
    version: '1.6'
  captcha:
    version: '1.5'
  calendar:
    version: '3.5'
  ckeditor:
    version: '1.18'
  cck:
    version: 3.0-alpha3
  chr:
    version: '1.9'
  colorbox:
    version: '2.13'
  content_access:
    version: 1.2-beta2
  context:
    version: '3.10'
  css3pie:
    version: '2.1'
  ctools:
    version: '1.15'
  date:
    version: '2.10'
  date_ical:
    version: '3.9'
  dblogin:
    version: '1.1'
  diff:
    version: '3.4'
  elements:
    version: '1.5'
  email:
    version: '1.3'
  entity:
    version: '1.9'
  entityreference:
    version: '1.5'
  entity_autocomplete:
    version: 1.0-beta4
  entity_translation:
    version: '1.0'
  environment_indicator:
    version: '2.9'
  facetapi:
    version: '1.5'
  features:
    version: '2.11'
  feeds:
    version: 2.0-beta4
  field_collection:
    version: 1.0-beta13
  field_group:
    version: '1.6'
  file_entity:
    version: '2.25'
  flag:
    version: '3.9'
  globalredirect:
    version: '1.6'
  google_analytics:
    version: '2.6'
  hidden_captcha:
    version: '1.2'
  honeypot:
    version: '1.25'
  i18n_boxes:
    version: '1.0'
  i18nviews:
    version: 3.0-alpha1
  imce:
    version: '1.11'
  imce_mkdir:
    version: '1.0'
  imce_wysiwyg:
    version: '1.0'
  insert:
    version: '1.4'
  insert_view:
    version: '2.0'
  jcarousel:
    version: '2.7'
  job_scheduler:
    version: '2.0'
  l10n_client:
    version: '1.3'
  l10n_update:
    version: '2.2'
  leaflet:
    version: '1.4'
  leaflet_markercluster:
    version: '1.4'
  leaflet_more_maps:
    version: '1.17'
  libraries:
    version: '2.5'
  link:
    version: '1.6'
  location:
    version: '3.7'
  mailsystem:
    version: '2.35'
  markdown:
    version: '1.5'
  masquerade:
    version: 1.0-rc7
  maxlength:
    version: '3.2'
  media:
    version: '2.21'
  media_oembed:
    version: '2.7'
  media_vimeo:
    version: '2.1'
  media_youtube:
    version: '3.8'
  memcache:
    version: '1.6'
  memcache_storage:
    version: '1.4'
  menu_attributes:
    version: '1.0'
  menu_block:
    version: '2.8'
  metatag:
    version: '1.25'
  mimemail:
    version: '1.1'
  module_filter:
    version: '2.2'
  multiupload_imagefield_widget:
    version: '1.3'
  multiupload_filefield_widget:
    version: '1.13'
  navigation404:
    version: '1.0'
  nodequeue:
    version: '2.1'
  og:
    version: '2.10'
  openidadmin:
    version: '1.0'
  page_title:
    version: '2.7'
  panels:
    version: '3.9'
  pathauto:
    version: '1.3'
  pathauto_persist:
    version: '1.4'
  pathologic:
    version: '3.1'
  matomo:
    version: '2.12'
  profile2:
    version: '1.6'
  publishcontent:
    version: '1.4'
  realname:
    version: '1.4'
  redirect:
    version: 1.0-rc3
  rules:
    version: '2.12'
  service_links:
    version: '2.4'
  simplenews:
    version: '1.1'
  special_menu_items:
    version: '2.0'
  stringoverrides:
    version: '1.8'
  strongarm:
    version: '2.0'
  styles:
    version: 2.0-alpha8
  taxonomy_menu:
    version: '1.6'
  title:
    version: 1.0-alpha9
  token:
    version: '1.7'
  translation_table:
    version: 1.0-beta1
  transliteration:
    version: '3.2'
  variable:
    version: '2.5'
  variable_extra:
    version: 1.x-dev
  views:
    version: '3.22'
  views_accordion:
    version: '1.6'
  views_boxes:
    version: '1.0'
  views_bulk_operations:
    version: '3.5'
  views_slideshow:
    version: '3.9'
  webform:
    version: '4.19'
  webform_conditional:
    version: '1.2'
  webform_layout:
    version: '2.3'
  wysiwyg:
    version: '2.5'
  xmlsitemap:
    version: '2.6'
  openlayers:
    version: 2.0-beta11
  addressfield:
    version: '1.3'
  geocoder:
    version: '1.4'
  geofield:
    version: '2.4'
  geophp:
    version: '1.7'
  openlayers_plus:
    version: 3.0-beta1
  proj4js:
    version: '1.2'
  apachesolr:
    version: '1.11'
  apachesolr_attachments:
    version: '1.4'
  search_api:
    version: '1.26'
  search_api_solr:
    version: '1.14'
libraries:
  kplatforms_colorbox:
    directory_name: colorbox
    download:
      type: git
      url: 'https://github.com/jackmoore/colorbox.git'
      branch: master
      revision: c78f880d17c19df3f29b8138df4dcc8afd364efd
    type: library
  kplatforms_pie:
    directory_name: PIE
    download:
      type: get
      url: 'https://github.com/lojjic/PIE/archive/1.0.0.zip'
    type: library
  kplatforms_elfinder:
    directory_name: elfinder
    download:
      type: get
      url: 'https://github.com/Studio-42/elFinder/archive/1.2.zip'
    patch:
      2185757: 'https://www.drupal.org/files/issues/elfinder-rm-files-5.patch'
    type: library
  kplatforms_geshi:
    directory_name: geshi
    download:
      type: get
      url: 'https://github.com/GeSHi/geshi-1.0/archive/RELEASE_1_0_8_11.tar.gz'
      subtree: geshi-1.0-RELEASE_1_0_8_11/src
    type: library
  kplatforms_geshi_puppet:
    destination: libraries/geshi
    directory_name: geshi
    download:
      type: get
      url: 'https://raw.github.com/jasonhancock/geshi-language-files/7fd7a709d857f74b78d42990a2381a45eeb93429/puppet.php'
    overwrite: true
    type: library
  kplatforms_leaflet:
    directory_name: leaflet
    download:
      type: get
      url: 'http://cdn.leafletjs.com/leaflet/v1.2.0/leaflet.zip'
    type: library
  kplatforms_leaflet_markercluster:
    directory_name: leaflet_markercluster
    download:
      type: get
      url: 'https://github.com/Leaflet/Leaflet.markercluster/archive/v1.2.0.zip'
    type: library
  kplatforms_jquery_cycle:
    directory_name: jquery.cycle
    download:
      type: get
      url: 'https://raw.github.com/malsup/cycle/master/jquery.cycle.all.js'
    overwrite: true
    type: library
  kplatforms_json2:
    directory_name: json2
    download:
      type: get
      url: 'https://raw.github.com/douglascrockford/JSON-js/master/json2.js'
    overwrite: true
    type: library
  kplatforms_ckeditor:
    directory_name: ckeditor
    download:
      type: get
      url: 'https://github.com/ckeditor/ckeditor-releases/archive/full/4.6.2.tar.gz'
    type: library
  kplatforms_tinymce:
    directory_name: tinymce
    download:
      type: get
      url: 'https://github.com/downloads/tinymce/tinymce/tinymce_3.4.9_jquery.zip'
    type: library
