core: 8.x
api: 2
defaults:
  projects:
    subdir: contrib
projects:
  drupal:
    type: core
    download:
      type: get
      url: 'https://ftp.drupal.org/files/projects/drupal-8.6.16.tar.gz'
  druppio_small_business_distribution:
    type: profile
    version: '1.34'
  varbase:
    type: profile
    version: '6.8'
  adminimal_theme:
    type: theme
    version: '1.4'
  bootstrap:
    type: theme
    version: '3.17'
  zen:
    type: theme
    version: 7.0-alpha14
  zurb_foundation:
    type: theme
    version: 6.0-alpha5
  packery:
    version: 1.x-dev
    patch:
      2618452: 'https://www.drupal.org/files/issues/2018-03-13/packery-allow_numeric_settings-2618452-10.patch'
  address:
    version: '1.6'
  auto_entitylabel:
    version: 2.1-beta1
  backup_migrate:
    version: '4.0'
  blockgroup:
    version: '1.1'
  captcha:
    version: 1.0-beta1
  colorbox:
    version: '1.4'
  colorbox_inline:
    version: '1.1'
  colorbox_load:
    version: 1.0-rc2
  context:
    version: 4.0-beta2
  ctools:
    version: '3.2'
  devel:
    version: '2.1'
  empty_page:
    version: '2.0'
  entity:
    version: 1.0-rc2
  entity_clone:
    version: 1.0-beta3
  entity_reference_revisions:
    version: '1.6'
  environment_indicator:
    version: '3.6'
  eva:
    version: '1.3'
  features:
    version: '3.8'
  field_group:
    version: 3.0-beta1
  flexslider:
    version: 2.0-beta1
  footnotes:
    version: '2.1'
  google_analytics:
    version: '2.4'
  honeypot:
    version: '1.29'
  inline_entity_form:
    version: 1.0-rc1
  leaflet:
    version: '1.9'
  leaflet_markercluster: {  }
  libraries:
    version: 3.0-alpha1
  memcache:
    version: '2.0'
  memcache_storage:
    version: 1.0-beta2
  metatag:
    version: '1.8'
  ng_lightbox:
    version: 1.0-beta3
  nice_menus:
    version: 1.0-beta2
  pathauto:
    version: '1.4'
  paragraphs:
    version: '1.8'
  profile:
    version: 1.0-rc4
  matomo:
    version: '1.9'
  recaptcha:
    version: '2.4'
  redirect:
    version: '1.3'
  search_api:
    version: '1.13'
  simple_gmap:
    version: '1.4'
  simple_sitemap:
    version: '3.1'
  token:
    version: '1.5'
  views_infinite_scroll:
    version: '1.5'
  views_slideshow:
    version: '4.6'
  webform:
    version: '5.2'
  bibcite:
    version: 1.0-alpha9
  commerce:
    version: '2.13'
  commerce_cart_blocks:
    version: 1.0-beta1
  ludwig:
    version: '1.0'
  mailsystem:
    version: '4.1'
  swiftmailer:
    version: 1.0-beta2
  state_machine:
    version: 1.0-rc1
libraries:
  kplatforms_colorbox:
    directory_name: colorbox
    download:
      type: get
      url: 'https://github.com/jackmoore/colorbox/archive/1.6.4.zip'
    type: library
  kplatforms_flexslider:
    directory_name: flexslider
    download:
      type: get
      url: 'https://github.com/woocommerce/FlexSlider/archive/2.6.4.tar.gz'
    type: library
  kplatforms_leaflet:
    directory_name: leaflet
    download:
      type: get
      url: 'http://cdn.leafletjs.com/leaflet/v1.2.0/leaflet.zip'
    type: library
  kplatforms_leaflet_markercluster:
    directory_name: leaflet_markercluster
    download:
      type: get
      url: 'https://github.com/Leaflet/Leaflet.markercluster/archive/v1.2.0.zip'
    type: library
  commerceguys_addressing:
    directory_name: v1.0.0
    destination: modules/contrib/address/lib/commerceguys-addressing
    download:
      type: get
      url: 'https://github.com/commerceguys/addressing/archive/v1.0.0.zip'
    type: library
  commerceguys_intl:
    directory_name: v1.0.1
    destination: modules/contrib/commerce/lib/commerceguys-intl
    download:
      type: get
      url: 'https://github.com/commerceguys/intl/archive/v1.0.1.zip'
    type: library
