langcode: en
status: true
dependencies:
  config:
    - block.block.views_block__byu_image_slideshow_block_1
    - field.storage.paragraph.field_byu_slideshow_block
    - paragraphs.paragraphs_type.byu_slideshow_images
id: paragraph.byu_slideshow_images.field_byu_slideshow_block
field_name: field_byu_slideshow_block
entity_type: paragraph
bundle: byu_slideshow_images
label: 'BYU Slideshow Block'
description: 'Select "BYU Image Slideshow"'
required: false
translatable: false
default_value: {  }
default_value_callback: ''
settings:
  handler: 'default:block'
  handler_settings:
    target_bundles: null
    auto_create: false
field_type: entity_reference
