langcode: en
status: true
dependencies:
  module:
    - twitter_sync
  theme:
      - classy
id: twittersyncblock
theme: stark
region: content
weight: 0
provider: null
plugin: twitter_sync_block
settings:
  id: twitter_sync_block
  label: 'Twitter Sync block'
  provider: twitter_sync
  label_display: '0'
visibility: {  }
