langcode: en
status: true
dependencies:
  module:
    - decoupled_quiz_example
  theme:
    - bartik
id: decoupled_quiz_exampleblock
theme: bartik
region: content
weight: -3
provider: null
plugin: decoupled_quiz_example_block
settings:
  id: decoupled_quiz_example_block
  label: 'Decoupled quiz example block'
  provider: decoupled_quiz_example
  label_display: visible
visibility: {  }
