langcode: en
status: true
dependencies:
  module:
    - group
    - opigno_learning_path
  theme:
    - platon
id: opignogroupoperationsblock
theme: platon
region: content
weight: -1
provider: null
plugin: group_operations_lp
settings:
  id: group_operations_lp
  label: 'Opigno Group Operations Block'
  provider: opigno_learning_path
  label_display: '0'
visibility:
  group_type:
    id: group_type
    group_types:
      learning_path: learning_path
    negate: false
    context_mapping:
      group: '@group.group_route_context:group'
