status: true
dependencies:
  module:
    - simple_addthis
    - system
  theme:
    - bartik
id: simple_addthis_block
theme: bartik
region: content
weight: -3
provider: null
plugin: simple_add_this_block
settings:
  id: simple_add_this_block
  label: 'Simple AddThis block'
  provider: simple_addthis
  label_display: visible
visibility: {  }
