langcode: en
status: true
dependencies:
  module:
    - menu_ui
third_party_settings:
  menu_ui:
    available_menus: {  }
    parent: ''
name: 'Block contents'
type: mm_block
description: 'Displays the contents of a block as a node, which allows the block to appear on a single page, rather than on every page using a particular theme'
help: ''
new_revision: true
preview_mode: 1
display_submitted: false
